{
  "name": "siren-parser-import",
  "requires": true,
  "lockfileVersion": 1,
  "dependencies": {
    "siren-parser": {
      "version": "6.5.0",
      "resolved": "https://registry.npmjs.org/siren-parser/-/siren-parser-6.5.0.tgz",
      "integrity": "sha512-56jC7rsFJX6DxDKI334FBElTXJmP81+fitURd4Ny5zy4nA+Z5/bmEwqgaQm9jrkc5AvhRkYA4rLPvI0+h49Ydg=="
    }
  }
}
