{
  "name": "siren-parser-import",
  "requires": true,
  "lockfileVersion": 1,
  "dependencies": {
    "siren-parser": {
      "version": "6.6.0",
      "resolved": "https://registry.npmjs.org/siren-parser/-/siren-parser-6.6.0.tgz",
      "integrity": "sha512-eS1s38rdidEAUkX3qc9DHTzXIfzAhVzcFjv9Vdxeb8FPbQmBsNV7SzsWaCKZB2ZO0MqhsLQwkUKqlXyX2P0qzA=="
    }
  }
}
