{
  "name": "siren-parser-import",
  "requires": true,
  "lockfileVersion": 1,
  "dependencies": {
    "siren-parser": {
      "version": "7.0.0",
      "resolved": "https://registry.npmjs.org/siren-parser/-/siren-parser-7.0.0.tgz",
      "integrity": "sha512-nKml6yX+xPvYA9H+RKCpm6se+Hahz6El7/keL/vV0V2dHGFvufotWonZQisTMp/u7BlndvFMM1Dhw5V/1oEDlQ=="
    }
  }
}
